
Microsoft Visual Studio Solution File, Format Version 12.00
# Visual Studio Version 16
VisualStudioVersion = 16.0.30907.101
MinimumVisualStudioVersion = 10.0.40219.1
Project("{2150E333-8FDC-42A3-9474-1A3956D46DE8}") = "1 - API", "1 - API", "{9645CAFF-EA8C-4A2C-9BA5-2419D2CFF0E1}"
EndProject
Project("{2150E333-8FDC-42A3-9474-1A3956D46DE8}") = "2 - Domain", "2 - Domain", "{E337DC11-4D82-4F5C-A64B-9EAA89D323CE}"
EndProject
Project("{2150E333-8FDC-42A3-9474-1A3956D46DE8}") = "3 - Infra", "3 - Infra", "{5962FC72-2267-404D-8C7E-52E2EE7D6B8A}"
EndProject
Project("{2150E333-8FDC-42A3-9474-1A3956D46DE8}") = "Data", "Data", "{CDC11D65-D084-4470-9BC9-E5E8670266DD}"
EndProject
Project("{9A19103F-16F7-4668-BE54-9A1E7A4F7556}") = "MaquininhaTheos.API", "src\MaquininhaTheos.API\MaquininhaTheos.API.csproj", "{DE5BA345-EC86-4901-92F3-47C958CCFE4C}"
EndProject
Project("{2150E333-8FDC-42A3-9474-1A3956D46DE8}") = "CrossCuting", "CrossCuting", "{F9A65020-8187-4D34-B612-D6532B7E8346}"
EndProject
Project("{9A19103F-16F7-4668-BE54-9A1E7A4F7556}") = "MaquininhaTheos.CrossCuting", "src\MaquininhaTheos.CrossCuting\MaquininhaTheos.CrossCuting.csproj", "{235DD30F-7EF2-4E40-805E-02C4CDEB8BFB}"
EndProject
Project("{9A19103F-16F7-4668-BE54-9A1E7A4F7556}") = "MaquininhaTheos.Data", "src\MaquininhaTheos.Data\MaquininhaTheos.Data.csproj", "{EE70D980-75D4-47E9-BA3F-C62D5DB08DD2}"
EndProject
Project("{9A19103F-16F7-4668-BE54-9A1E7A4F7556}") = "MaquininhaTheos.Domain", "src\MaquininhaTheos.Domain\MaquininhaTheos.Domain.csproj", "{1A9D0E98-7792-44D7-A0CF-FED2E7747766}"
EndProject
Global
	GlobalSection(SolutionConfigurationPlatforms) = preSolution
		Debug|Any CPU = Debug|Any CPU
		Release|Any CPU = Release|Any CPU
	EndGlobalSection
	GlobalSection(ProjectConfigurationPlatforms) = postSolution
		{DE5BA345-EC86-4901-92F3-47C958CCFE4C}.Debug|Any CPU.ActiveCfg = Debug|Any CPU
		{DE5BA345-EC86-4901-92F3-47C958CCFE4C}.Debug|Any CPU.Build.0 = Debug|Any CPU
		{DE5BA345-EC86-4901-92F3-47C958CCFE4C}.Release|Any CPU.ActiveCfg = Release|Any CPU
		{DE5BA345-EC86-4901-92F3-47C958CCFE4C}.Release|Any CPU.Build.0 = Release|Any CPU
		{235DD30F-7EF2-4E40-805E-02C4CDEB8BFB}.Debug|Any CPU.ActiveCfg = Debug|Any CPU
		{235DD30F-7EF2-4E40-805E-02C4CDEB8BFB}.Debug|Any CPU.Build.0 = Debug|Any CPU
		{235DD30F-7EF2-4E40-805E-02C4CDEB8BFB}.Release|Any CPU.ActiveCfg = Release|Any CPU
		{235DD30F-7EF2-4E40-805E-02C4CDEB8BFB}.Release|Any CPU.Build.0 = Release|Any CPU
		{EE70D980-75D4-47E9-BA3F-C62D5DB08DD2}.Debug|Any CPU.ActiveCfg = Debug|Any CPU
		{EE70D980-75D4-47E9-BA3F-C62D5DB08DD2}.Debug|Any CPU.Build.0 = Debug|Any CPU
		{EE70D980-75D4-47E9-BA3F-C62D5DB08DD2}.Release|Any CPU.ActiveCfg = Release|Any CPU
		{EE70D980-75D4-47E9-BA3F-C62D5DB08DD2}.Release|Any CPU.Build.0 = Release|Any CPU
		{1A9D0E98-7792-44D7-A0CF-FED2E7747766}.Debug|Any CPU.ActiveCfg = Debug|Any CPU
		{1A9D0E98-7792-44D7-A0CF-FED2E7747766}.Debug|Any CPU.Build.0 = Debug|Any CPU
		{1A9D0E98-7792-44D7-A0CF-FED2E7747766}.Release|Any CPU.ActiveCfg = Release|Any CPU
		{1A9D0E98-7792-44D7-A0CF-FED2E7747766}.Release|Any CPU.Build.0 = Release|Any CPU
	EndGlobalSection
	GlobalSection(SolutionProperties) = preSolution
		HideSolutionNode = FALSE
	EndGlobalSection
	GlobalSection(NestedProjects) = preSolution
		{CDC11D65-D084-4470-9BC9-E5E8670266DD} = {5962FC72-2267-404D-8C7E-52E2EE7D6B8A}
		{DE5BA345-EC86-4901-92F3-47C958CCFE4C} = {9645CAFF-EA8C-4A2C-9BA5-2419D2CFF0E1}
		{F9A65020-8187-4D34-B612-D6532B7E8346} = {5962FC72-2267-404D-8C7E-52E2EE7D6B8A}
		{235DD30F-7EF2-4E40-805E-02C4CDEB8BFB} = {F9A65020-8187-4D34-B612-D6532B7E8346}
		{EE70D980-75D4-47E9-BA3F-C62D5DB08DD2} = {CDC11D65-D084-4470-9BC9-E5E8670266DD}
		{1A9D0E98-7792-44D7-A0CF-FED2E7747766} = {E337DC11-4D82-4F5C-A64B-9EAA89D323CE}
	EndGlobalSection
	GlobalSection(ExtensibilityGlobals) = postSolution
		SolutionGuid = {102C6F8F-D299-4D95-8BE9-FEEF8457D4EC}
	EndGlobalSection
EndGlobal
